
Microsoft Visual Studio Solution File, Format Version 12.00
# Visual Studio Version 16
VisualStudioVersion = 16.0.31129.286
MinimumVisualStudioVersion = 10.0.40219.1
Project("{FAE04EC0-301F-11D3-BF4B-00C04F79EFBC}") = "Resize", "Resize\Resize.csproj", "{7780AD1E-DFD5-454F-A922-0FED99D64DF6}"
EndProject
Global
	GlobalSection(SolutionConfigurationPlatforms) = preSolution
		Debug|Any CPU = Debug|Any CPU
		Release|Any CPU = Release|Any CPU
	EndGlobalSection
	GlobalSection(ProjectConfigurationPlatforms) = postSolution
		{7780AD1E-DFD5-454F-A922-0FED99D64DF6}.Debug|Any CPU.ActiveCfg = Debug|Any CPU
		{7780AD1E-DFD5-454F-A922-0FED99D64DF6}.Debug|Any CPU.Build.0 = Debug|Any CPU
		{7780AD1E-DFD5-454F-A922-0FED99D64DF6}.Release|Any CPU.ActiveCfg = Release|Any CPU
		{7780AD1E-DFD5-454F-A922-0FED99D64DF6}.Release|Any CPU.Build.0 = Release|Any CPU
	EndGlobalSection
	GlobalSection(SolutionProperties) = preSolution
		HideSolutionNode = FALSE
	EndGlobalSection
	GlobalSection(ExtensibilityGlobals) = postSolution
		SolutionGuid = {E41F628C-1E1E-43FB-BBC0-9D460D604B2B}
	EndGlobalSection
EndGlobal
